// !$*UTF8*$!
{
	archiveVersion = 1;
	classes = {
	};
	objectVersion = 46;
	objects = {

/* Begin PBXAggregateTarget section */
		D162CC7817695C2300FD75B5 /* Documentation */ = {
			isa = PBXAggregateTarget;
			buildConfigurationList = D162CC7917695C2300FD75B5 /* Build configuration list for PBXAggregateTarget "Documentation" */;
			buildPhases = (
				D162CC7C17695C4400FD75B5 /* ShellScript */,
			);
			dependencies = (
			);
			name = Documentation;
			productName = Documentation;
		};
/* End PBXAggregateTarget section */

/* Begin PBXBuildFile section */
		D14AC1F91766C4C100CB955C /* SenTestingKit.framework in Frameworks */ = {isa = PBXBuildFile; fileRef = D1EB41281760438100152C10 /* SenTestingKit.framework */; };
		D14AC1FA1766C4C100CB955C /* Cocoa.framework in Frameworks */ = {isa = PBXBuildFile; fileRef = D1EB4144176044CB00152C10 /* Cocoa.framework */; };
		D14AC2001766C4C100CB955C /* InfoPlist.strings in Resources */ = {isa = PBXBuildFile; fileRef = D14AC1FE1766C4C100CB955C /* InfoPlist.strings */; };
		D14AC20A1766C4D700CB955C /* Linq2ObjCTests.m in Sources */ = {isa = PBXBuildFile; fileRef = D14AC2091766C4D700CB955C /* Linq2ObjCTests.m */; };
		D14AC20D1766C4FB00CB955C /* libobjclinq.a in Frameworks */ = {isa = PBXBuildFile; fileRef = D1EB410D1760415900152C10 /* libobjclinq.a */; };
		D1EB41111760415900152C10 /* Foundation.framework in Frameworks */ = {isa = PBXBuildFile; fileRef = D1EB41101760415900152C10 /* Foundation.framework */; };
		D1EB41291760438100152C10 /* SenTestingKit.framework in Frameworks */ = {isa = PBXBuildFile; fileRef = D1EB41281760438100152C10 /* SenTestingKit.framework */; };
		D1EB412B1760438100152C10 /* UIKit.framework in Frameworks */ = {isa = PBXBuildFile; fileRef = D1EB412A1760438100152C10 /* UIKit.framework */; };
		D1EB412C1760438100152C10 /* Foundation.framework in Frameworks */ = {isa = PBXBuildFile; fileRef = D1EB41101760415900152C10 /* Foundation.framework */; };
		D1EB41321760438100152C10 /* InfoPlist.strings in Resources */ = {isa = PBXBuildFile; fileRef = D1EB41301760438100152C10 /* InfoPlist.strings */; };
		D1EB413C1760448800152C10 /* Linq2ObjCTests.m in Sources */ = {isa = PBXBuildFile; fileRef = D1EB413B1760448800152C10 /* Linq2ObjCTests.m */; };
		D1EB415B1760481B00152C10 /* libobjclinq.a in Frameworks */ = {isa = PBXBuildFile; fileRef = D1EB410D1760415900152C10 /* libobjclinq.a */; };
		D1EB415E1760488300152C10 /* NSArray+Linq.m in Sources */ = {isa = PBXBuildFile; fileRef = D1EB415D1760488300152C10 /* NSArray+Linq.m */; };
		D1EB416917616C9D00152C10 /* LQEnumerator.m in Sources */ = {isa = PBXBuildFile; fileRef = D1EB416817616C9D00152C10 /* LQEnumerator.m */; };
/* End PBXBuildFile section */

/* Begin PBXContainerItemProxy section */
		D14AC20B1766C4E100CB955C /* PBXContainerItemProxy */ = {
			isa = PBXContainerItemProxy;
			containerPortal = D1EB41051760415900152C10 /* Project object */;
			proxyType = 1;
			remoteGlobalIDString = D1EB410C1760415900152C10;
			remoteInfo = Linq2ObjC;
		};
/* End PBXContainerItemProxy section */

/* Begin PBXCopyFilesBuildPhase section */
		D1EB410B1760415900152C10 /* CopyFiles */ = {
			isa = PBXCopyFilesBuildPhase;
			buildActionMask = 2147483647;
			dstPath = "include/${PRODUCT_NAME}";
			dstSubfolderSpec = 16;
			files = (
			);
			runOnlyForDeploymentPostprocessing = 0;
		};
/* End PBXCopyFilesBuildPhase section */

/* Begin PBXFileReference section */
		D14AC1F81766C4C100CB955C /* Mac_Linq2ObjcTests.octest */ = {isa = PBXFileReference; explicitFileType = wrapper.cfbundle; includeInIndex = 0; path = Mac_Linq2ObjcTests.octest; sourceTree = BUILT_PRODUCTS_DIR; };
		D14AC1FD1766C4C100CB955C /* Mac_Linq2ObjcTests-Info.plist */ = {isa = PBXFileReference; lastKnownFileType = text.plist.xml; path = "Mac_Linq2ObjcTests-Info.plist"; sourceTree = "<group>"; };
		D14AC1FF1766C4C100CB955C /* en */ = {isa = PBXFileReference; lastKnownFileType = text.plist.strings; name = en; path = en.lproj/InfoPlist.strings; sourceTree = "<group>"; };
		D14AC2041766C4C100CB955C /* Mac_Linq2ObjcTests-Prefix.pch */ = {isa = PBXFileReference; lastKnownFileType = sourcecode.c.h; path = "Mac_Linq2ObjcTests-Prefix.pch"; sourceTree = "<group>"; };
		D14AC2081766C4D700CB955C /* Linq2ObjCTests.h */ = {isa = PBXFileReference; fileEncoding = 4; lastKnownFileType = sourcecode.c.h; name = Linq2ObjCTests.h; path = Linq2ObjC/LogicTests/Linq2ObjCTests.h; sourceTree = SOURCE_ROOT; };
		D14AC2091766C4D700CB955C /* Linq2ObjCTests.m */ = {isa = PBXFileReference; fileEncoding = 4; lastKnownFileType = sourcecode.c.objc; name = Linq2ObjCTests.m; path = Linq2ObjC/LogicTests/Linq2ObjCTests.m; sourceTree = SOURCE_ROOT; };
		D162CC7717695B9B00FD75B5 /* AppledocSettings.plist */ = {isa = PBXFileReference; fileEncoding = 4; lastKnownFileType = text.plist.xml; path = AppledocSettings.plist; sourceTree = "<group>"; };
		D1EB410D1760415900152C10 /* libobjclinq.a */ = {isa = PBXFileReference; explicitFileType = archive.ar; includeInIndex = 0; path = libobjclinq.a; sourceTree = BUILT_PRODUCTS_DIR; };
		D1EB41101760415900152C10 /* Foundation.framework */ = {isa = PBXFileReference; lastKnownFileType = wrapper.framework; name = Foundation.framework; path = System/Library/Frameworks/Foundation.framework; sourceTree = SDKROOT; };
		D1EB41141760415900152C10 /* objclinq-Prefix.pch */ = {isa = PBXFileReference; lastKnownFileType = sourcecode.c.h; path = "objclinq-Prefix.pch"; sourceTree = "<group>"; };
		D1EB41271760438100152C10 /* iOS_objclinqTests.octest */ = {isa = PBXFileReference; explicitFileType = wrapper.cfbundle; includeInIndex = 0; path = iOS_objclinqTests.octest; sourceTree = BUILT_PRODUCTS_DIR; };
		D1EB41281760438100152C10 /* SenTestingKit.framework */ = {isa = PBXFileReference; lastKnownFileType = wrapper.framework; name = SenTestingKit.framework; path = Library/Frameworks/SenTestingKit.framework; sourceTree = DEVELOPER_DIR; };
		D1EB412A1760438100152C10 /* UIKit.framework */ = {isa = PBXFileReference; lastKnownFileType = wrapper.framework; name = UIKit.framework; path = Library/Frameworks/UIKit.framework; sourceTree = DEVELOPER_DIR; };
		D1EB412F1760438100152C10 /* iOS_objclinqTests-Info.plist */ = {isa = PBXFileReference; lastKnownFileType = text.plist.xml; path = "iOS_objclinqTests-Info.plist"; sourceTree = "<group>"; };
		D1EB41311760438100152C10 /* en */ = {isa = PBXFileReference; lastKnownFileType = text.plist.strings; name = en; path = en.lproj/InfoPlist.strings; sourceTree = "<group>"; };
		D1EB41361760438100152C10 /* iOS_objclinqTests-Prefix.pch */ = {isa = PBXFileReference; lastKnownFileType = sourcecode.c.h; path = "iOS_objclinqTests-Prefix.pch"; sourceTree = "<group>"; };
		D1EB413A1760448800152C10 /* Linq2ObjCTests.h */ = {isa = PBXFileReference; fileEncoding = 4; lastKnownFileType = sourcecode.c.h; name = Linq2ObjCTests.h; path = Linq2ObjC/LogicTests/Linq2ObjCTests.h; sourceTree = SOURCE_ROOT; };
		D1EB413B1760448800152C10 /* Linq2ObjCTests.m */ = {isa = PBXFileReference; fileEncoding = 4; lastKnownFileType = sourcecode.c.objc; name = Linq2ObjCTests.m; path = Linq2ObjC/LogicTests/Linq2ObjCTests.m; sourceTree = SOURCE_ROOT; };
		D1EB4144176044CB00152C10 /* Cocoa.framework */ = {isa = PBXFileReference; lastKnownFileType = wrapper.framework; name = Cocoa.framework; path = Library/Frameworks/Cocoa.framework; sourceTree = DEVELOPER_DIR; };
		D1EB4147176044CB00152C10 /* AppKit.framework */ = {isa = PBXFileReference; lastKnownFileType = wrapper.framework; name = AppKit.framework; path = Library/Frameworks/AppKit.framework; sourceTree = SDKROOT; };
		D1EB4148176044CB00152C10 /* CoreData.framework */ = {isa = PBXFileReference; lastKnownFileType = wrapper.framework; name = CoreData.framework; path = Library/Frameworks/CoreData.framework; sourceTree = SDKROOT; };
		D1EB4149176044CB00152C10 /* Foundation.framework */ = {isa = PBXFileReference; lastKnownFileType = wrapper.framework; name = Foundation.framework; path = Library/Frameworks/Foundation.framework; sourceTree = SDKROOT; };
		D1EB415A1760460D00152C10 /* objclinq.h */ = {isa = PBXFileReference; fileEncoding = 4; lastKnownFileType = sourcecode.c.h; path = objclinq.h; sourceTree = "<group>"; };
		D1EB415C1760488300152C10 /* NSArray+Linq.h */ = {isa = PBXFileReference; fileEncoding = 4; lastKnownFileType = sourcecode.c.h; path = "NSArray+Linq.h"; sourceTree = "<group>"; };
		D1EB415D1760488300152C10 /* NSArray+Linq.m */ = {isa = PBXFileReference; fileEncoding = 4; lastKnownFileType = sourcecode.c.objc; path = "NSArray+Linq.m"; sourceTree = "<group>"; };
		D1EB416017604E3200152C10 /* Macros.h */ = {isa = PBXFileReference; fileEncoding = 4; lastKnownFileType = sourcecode.c.h; path = Macros.h; sourceTree = "<group>"; };
		D1EB41611761611C00152C10 /* LQEnumerable.h */ = {isa = PBXFileReference; fileEncoding = 4; lastKnownFileType = sourcecode.c.h; path = LQEnumerable.h; sourceTree = "<group>"; };
		D1EB416717616C9D00152C10 /* LQEnumerator.h */ = {isa = PBXFileReference; fileEncoding = 4; lastKnownFileType = sourcecode.c.h; path = LQEnumerator.h; sourceTree = "<group>"; };
		D1EB416817616C9D00152C10 /* LQEnumerator.m */ = {isa = PBXFileReference; fileEncoding = 4; lastKnownFileType = sourcecode.c.objc; path = LQEnumerator.m; sourceTree = "<group>"; };
/* End PBXFileReference section */

/* Begin PBXFrameworksBuildPhase section */
		D14AC1F41766C4C100CB955C /* Frameworks */ = {
			isa = PBXFrameworksBuildPhase;
			buildActionMask = 2147483647;
			files = (
				D14AC20D1766C4FB00CB955C /* libobjclinq.a in Frameworks */,
				D14AC1F91766C4C100CB955C /* SenTestingKit.framework in Frameworks */,
				D14AC1FA1766C4C100CB955C /* Cocoa.framework in Frameworks */,
			);
			runOnlyForDeploymentPostprocessing = 0;
		};
		D1EB410A1760415900152C10 /* Frameworks */ = {
			isa = PBXFrameworksBuildPhase;
			buildActionMask = 2147483647;
			files = (
				D1EB41111760415900152C10 /* Foundation.framework in Frameworks */,
			);
			runOnlyForDeploymentPostprocessing = 0;
		};
		D1EB41231760438100152C10 /* Frameworks */ = {
			isa = PBXFrameworksBuildPhase;
			buildActionMask = 2147483647;
			files = (
				D1EB415B1760481B00152C10 /* libobjclinq.a in Frameworks */,
				D1EB41291760438100152C10 /* SenTestingKit.framework in Frameworks */,
				D1EB412B1760438100152C10 /* UIKit.framework in Frameworks */,
				D1EB412C1760438100152C10 /* Foundation.framework in Frameworks */,
			);
			runOnlyForDeploymentPostprocessing = 0;
		};
/* End PBXFrameworksBuildPhase section */

/* Begin PBXGroup section */
		D14AC1FB1766C4C100CB955C /* Mac_Linq2ObjcTests */ = {
			isa = PBXGroup;
			children = (
				D14AC2081766C4D700CB955C /* Linq2ObjCTests.h */,
				D14AC2091766C4D700CB955C /* Linq2ObjCTests.m */,
				D14AC1FC1766C4C100CB955C /* Supporting Files */,
			);
			path = Mac_Linq2ObjcTests;
			sourceTree = "<group>";
		};
		D14AC1FC1766C4C100CB955C /* Supporting Files */ = {
			isa = PBXGroup;
			children = (
				D14AC1FD1766C4C100CB955C /* Mac_Linq2ObjcTests-Info.plist */,
				D14AC1FE1766C4C100CB955C /* InfoPlist.strings */,
				D14AC2041766C4C100CB955C /* Mac_Linq2ObjcTests-Prefix.pch */,
			);
			name = "Supporting Files";
			sourceTree = "<group>";
		};
		D1EB41041760415900152C10 = {
			isa = PBXGroup;
			children = (
				D1EB41121760415900152C10 /* core */,
				D1EB412D1760438100152C10 /* iOS_Linq2ObjCTests */,
				D14AC1FB1766C4C100CB955C /* Mac_Linq2ObjcTests */,
				D1EB410F1760415900152C10 /* Frameworks */,
				D1EB410E1760415900152C10 /* Products */,
			);
			sourceTree = "<group>";
		};
		D1EB410E1760415900152C10 /* Products */ = {
			isa = PBXGroup;
			children = (
				D1EB410D1760415900152C10 /* libobjclinq.a */,
				D1EB41271760438100152C10 /* iOS_objclinqTests.octest */,
				D14AC1F81766C4C100CB955C /* Mac_Linq2ObjcTests.octest */,
			);
			name = Products;
			sourceTree = "<group>";
		};
		D1EB410F1760415900152C10 /* Frameworks */ = {
			isa = PBXGroup;
			children = (
				D1EB41101760415900152C10 /* Foundation.framework */,
				D1EB41281760438100152C10 /* SenTestingKit.framework */,
				D1EB412A1760438100152C10 /* UIKit.framework */,
				D1EB4144176044CB00152C10 /* Cocoa.framework */,
				D1EB4146176044CB00152C10 /* Other Frameworks */,
			);
			name = Frameworks;
			sourceTree = "<group>";
		};
		D1EB41121760415900152C10 /* core */ = {
			isa = PBXGroup;
			children = (
				D1EB41131760415900152C10 /* Supporting Files */,
				D1EB415A1760460D00152C10 /* objclinq.h */,
				D1EB415C1760488300152C10 /* NSArray+Linq.h */,
				D1EB415D1760488300152C10 /* NSArray+Linq.m */,
				D1EB416017604E3200152C10 /* Macros.h */,
				D1EB41611761611C00152C10 /* LQEnumerable.h */,
				D1EB416717616C9D00152C10 /* LQEnumerator.h */,
				D1EB416817616C9D00152C10 /* LQEnumerator.m */,
				D162CC7717695B9B00FD75B5 /* AppledocSettings.plist */,
			);
			name = core;
			path = Linq2ObjC;
			sourceTree = "<group>";
		};
		D1EB41131760415900152C10 /* Supporting Files */ = {
			isa = PBXGroup;
			children = (
				D1EB41141760415900152C10 /* objclinq-Prefix.pch */,
			);
			name = "Supporting Files";
			sourceTree = "<group>";
		};
		D1EB412D1760438100152C10 /* iOS_Linq2ObjCTests */ = {
			isa = PBXGroup;
			children = (
				D1EB413A1760448800152C10 /* Linq2ObjCTests.h */,
				D1EB413B1760448800152C10 /* Linq2ObjCTests.m */,
				D1EB412E1760438100152C10 /* Supporting Files */,
			);
			path = iOS_Linq2ObjCTests;
			sourceTree = "<group>";
		};
		D1EB412E1760438100152C10 /* Supporting Files */ = {
			isa = PBXGroup;
			children = (
				D1EB412F1760438100152C10 /* iOS_objclinqTests-Info.plist */,
				D1EB41301760438100152C10 /* InfoPlist.strings */,
				D1EB41361760438100152C10 /* iOS_objclinqTests-Prefix.pch */,
			);
			name = "Supporting Files";
			sourceTree = "<group>";
		};
		D1EB4146176044CB00152C10 /* Other Frameworks */ = {
			isa = PBXGroup;
			children = (
				D1EB4147176044CB00152C10 /* AppKit.framework */,
				D1EB4148176044CB00152C10 /* CoreData.framework */,
				D1EB4149176044CB00152C10 /* Foundation.framework */,
			);
			name = "Other Frameworks";
			sourceTree = "<group>";
		};
/* End PBXGroup section */

/* Begin PBXNativeTarget section */
		D14AC1F71766C4C100CB955C /* Mac_Linq2ObjcTests */ = {
			isa = PBXNativeTarget;
			buildConfigurationList = D14AC2051766C4C100CB955C /* Build configuration list for PBXNativeTarget "Mac_Linq2ObjcTests" */;
			buildPhases = (
				D14AC1F31766C4C100CB955C /* Sources */,
				D14AC1F41766C4C100CB955C /* Frameworks */,
				D14AC1F51766C4C100CB955C /* Resources */,
				D14AC1F61766C4C100CB955C /* ShellScript */,
			);
			buildRules = (
			);
			dependencies = (
				D14AC20C1766C4E100CB955C /* PBXTargetDependency */,
			);
			name = Mac_Linq2ObjcTests;
			productName = Mac_Linq2ObjcTests;
			productReference = D14AC1F81766C4C100CB955C /* Mac_Linq2ObjcTests.octest */;
			productType = "com.apple.product-type.bundle";
		};
		D1EB410C1760415900152C10 /* objclinq */ = {
			isa = PBXNativeTarget;
			buildConfigurationList = D1EB411B1760415900152C10 /* Build configuration list for PBXNativeTarget "objclinq" */;
			buildPhases = (
				D1EB41091760415900152C10 /* Sources */,
				D1EB410A1760415900152C10 /* Frameworks */,
				D1EB410B1760415900152C10 /* CopyFiles */,
			);
			buildRules = (
			);
			dependencies = (
			);
			name = objclinq;
			productName = Linq2ObjC;
			productReference = D1EB410D1760415900152C10 /* libobjclinq.a */;
			productType = "com.apple.product-type.library.static";
		};
		D1EB41261760438100152C10 /* iOS_objclinqTests */ = {
			isa = PBXNativeTarget;
			buildConfigurationList = D1EB41371760438100152C10 /* Build configuration list for PBXNativeTarget "iOS_objclinqTests" */;
			buildPhases = (
				D1EB41221760438100152C10 /* Sources */,
				D1EB41231760438100152C10 /* Frameworks */,
				D1EB41241760438100152C10 /* Resources */,
				D1EB41251760438100152C10 /* ShellScript */,
			);
			buildRules = (
			);
			dependencies = (
			);
			name = iOS_objclinqTests;
			productName = iOS_Linq2ObjCTests;
			productReference = D1EB41271760438100152C10 /* iOS_objclinqTests.octest */;
			productType = "com.apple.product-type.bundle";
		};
/* End PBXNativeTarget section */

/* Begin PBXProject section */
		D1EB41051760415900152C10 /* Project object */ = {
			isa = PBXProject;
			attributes = {
				LastUpgradeCheck = 0460;
				ORGANIZATIONNAME = "Kirill Pugin";
			};
			buildConfigurationList = D1EB41081760415900152C10 /* Build configuration list for PBXProject "objclinq" */;
			compatibilityVersion = "Xcode 3.2";
			developmentRegion = English;
			hasScannedForEncodings = 0;
			knownRegions = (
				en,
			);
			mainGroup = D1EB41041760415900152C10;
			productRefGroup = D1EB410E1760415900152C10 /* Products */;
			projectDirPath = "";
			projectRoot = "";
			targets = (
				D1EB410C1760415900152C10 /* objclinq */,
				D1EB41261760438100152C10 /* iOS_objclinqTests */,
				D14AC1F71766C4C100CB955C /* Mac_Linq2ObjcTests */,
				D162CC7817695C2300FD75B5 /* Documentation */,
			);
		};
/* End PBXProject section */

/* Begin PBXResourcesBuildPhase section */
		D14AC1F51766C4C100CB955C /* Resources */ = {
			isa = PBXResourcesBuildPhase;
			buildActionMask = 2147483647;
			files = (
				D14AC2001766C4C100CB955C /* InfoPlist.strings in Resources */,
			);
			runOnlyForDeploymentPostprocessing = 0;
		};
		D1EB41241760438100152C10 /* Resources */ = {
			isa = PBXResourcesBuildPhase;
			buildActionMask = 2147483647;
			files = (
				D1EB41321760438100152C10 /* InfoPlist.strings in Resources */,
			);
			runOnlyForDeploymentPostprocessing = 0;
		};
/* End PBXResourcesBuildPhase section */

/* Begin PBXShellScriptBuildPhase section */
		D14AC1F61766C4C100CB955C /* ShellScript */ = {
			isa = PBXShellScriptBuildPhase;
			buildActionMask = 2147483647;
			files = (
			);
			inputPaths = (
			);
			outputPaths = (
			);
			runOnlyForDeploymentPostprocessing = 0;
			shellPath = /bin/sh;
			shellScript = "# Run the unit tests in this test bundle.\n\"${SYSTEM_DEVELOPER_DIR}/Tools/RunUnitTests\"\n";
		};
		D162CC7C17695C4400FD75B5 /* ShellScript */ = {
			isa = PBXShellScriptBuildPhase;
			buildActionMask = 2147483647;
			files = (
			);
			inputPaths = (
			);
			outputPaths = (
			);
			runOnlyForDeploymentPostprocessing = 0;
			shellPath = /bin/sh;
			shellScript = "# Build an Xcode documentation\nappledoc \"$SOURCE_ROOT/$PROJECT_NAME\"";
		};
		D1EB41251760438100152C10 /* ShellScript */ = {
			isa = PBXShellScriptBuildPhase;
			buildActionMask = 2147483647;
			files = (
			);
			inputPaths = (
			);
			outputPaths = (
			);
			runOnlyForDeploymentPostprocessing = 0;
			shellPath = /bin/sh;
			shellScript = "# Run the unit tests in this test bundle.\n\"${SYSTEM_DEVELOPER_DIR}/Tools/RunUnitTests\"\n";
		};
/* End PBXShellScriptBuildPhase section */

/* Begin PBXSourcesBuildPhase section */
		D14AC1F31766C4C100CB955C /* Sources */ = {
			isa = PBXSourcesBuildPhase;
			buildActionMask = 2147483647;
			files = (
				D14AC20A1766C4D700CB955C /* Linq2ObjCTests.m in Sources */,
			);
			runOnlyForDeploymentPostprocessing = 0;
		};
		D1EB41091760415900152C10 /* Sources */ = {
			isa = PBXSourcesBuildPhase;
			buildActionMask = 2147483647;
			files = (
				D1EB415E1760488300152C10 /* NSArray+Linq.m in Sources */,
				D1EB416917616C9D00152C10 /* LQEnumerator.m in Sources */,
			);
			runOnlyForDeploymentPostprocessing = 0;
		};
		D1EB41221760438100152C10 /* Sources */ = {
			isa = PBXSourcesBuildPhase;
			buildActionMask = 2147483647;
			files = (
				D1EB413C1760448800152C10 /* Linq2ObjCTests.m in Sources */,
			);
			runOnlyForDeploymentPostprocessing = 0;
		};
/* End PBXSourcesBuildPhase section */

/* Begin PBXTargetDependency section */
		D14AC20C1766C4E100CB955C /* PBXTargetDependency */ = {
			isa = PBXTargetDependency;
			target = D1EB410C1760415900152C10 /* objclinq */;
			targetProxy = D14AC20B1766C4E100CB955C /* PBXContainerItemProxy */;
		};
/* End PBXTargetDependency section */

/* Begin PBXVariantGroup section */
		D14AC1FE1766C4C100CB955C /* InfoPlist.strings */ = {
			isa = PBXVariantGroup;
			children = (
				D14AC1FF1766C4C100CB955C /* en */,
			);
			name = InfoPlist.strings;
			sourceTree = "<group>";
		};
		D1EB41301760438100152C10 /* InfoPlist.strings */ = {
			isa = PBXVariantGroup;
			children = (
				D1EB41311760438100152C10 /* en */,
			);
			name = InfoPlist.strings;
			sourceTree = "<group>";
		};
/* End PBXVariantGroup section */

/* Begin XCBuildConfiguration section */
		D14AC2061766C4C100CB955C /* Debug */ = {
			isa = XCBuildConfiguration;
			buildSettings = {
				ARCHS = "$(ARCHS_STANDARD_64_BIT)";
				COMBINE_HIDPI_IMAGES = YES;
				FRAMEWORK_SEARCH_PATHS = "\"$(DEVELOPER_LIBRARY_DIR)/Frameworks\"";
				GCC_ENABLE_OBJC_EXCEPTIONS = YES;
				GCC_PRECOMPILE_PREFIX_HEADER = YES;
				GCC_PREFIX_HEADER = "Mac_Linq2ObjcTests/Mac_Linq2ObjcTests-Prefix.pch";
				GCC_WARN_64_TO_32_BIT_CONVERSION = YES;
				INFOPLIST_FILE = "Mac_Linq2ObjcTests/Mac_Linq2ObjcTests-Info.plist";
				MACOSX_DEPLOYMENT_TARGET = 10.7;
				OTHER_LDFLAGS = "-ObjC";
				PRODUCT_NAME = "$(TARGET_NAME)";
				SDKROOT = macosx;
				WRAPPER_EXTENSION = octest;
			};
			name = Debug;
		};
		D14AC2071766C4C100CB955C /* Release */ = {
			isa = XCBuildConfiguration;
			buildSettings = {
				ARCHS = "$(ARCHS_STANDARD_64_BIT)";
				COMBINE_HIDPI_IMAGES = YES;
				DEBUG_INFORMATION_FORMAT = "dwarf-with-dsym";
				FRAMEWORK_SEARCH_PATHS = "\"$(DEVELOPER_LIBRARY_DIR)/Frameworks\"";
				GCC_ENABLE_OBJC_EXCEPTIONS = YES;
				GCC_PRECOMPILE_PREFIX_HEADER = YES;
				GCC_PREFIX_HEADER = "Mac_Linq2ObjcTests/Mac_Linq2ObjcTests-Prefix.pch";
				GCC_WARN_64_TO_32_BIT_CONVERSION = YES;
				INFOPLIST_FILE = "Mac_Linq2ObjcTests/Mac_Linq2ObjcTests-Info.plist";
				MACOSX_DEPLOYMENT_TARGET = 10.7;
				OTHER_LDFLAGS = "-ObjC";
				PRODUCT_NAME = "$(TARGET_NAME)";
				SDKROOT = macosx;
				WRAPPER_EXTENSION = octest;
			};
			name = Release;
		};
		D162CC7A17695C2300FD75B5 /* Debug */ = {
			isa = XCBuildConfiguration;
			buildSettings = {
				PRODUCT_NAME = "$(TARGET_NAME)";
			};
			name = Debug;
		};
		D162CC7B17695C2300FD75B5 /* Release */ = {
			isa = XCBuildConfiguration;
			buildSettings = {
				PRODUCT_NAME = "$(TARGET_NAME)";
			};
			name = Release;
		};
		D1EB41191760415900152C10 /* Debug */ = {
			isa = XCBuildConfiguration;
			buildSettings = {
				ALWAYS_SEARCH_USER_PATHS = NO;
				CLANG_CXX_LANGUAGE_STANDARD = "gnu++0x";
				CLANG_CXX_LIBRARY = "libc++";
				CLANG_WARN_CONSTANT_CONVERSION = YES;
				CLANG_WARN_EMPTY_BODY = YES;
				CLANG_WARN_ENUM_CONVERSION = YES;
				CLANG_WARN_INT_CONVERSION = YES;
				CLANG_WARN__DUPLICATE_METHOD_MATCH = YES;
				COPY_PHASE_STRIP = NO;
				GCC_C_LANGUAGE_STANDARD = gnu99;
				GCC_DYNAMIC_NO_PIC = NO;
				GCC_OPTIMIZATION_LEVEL = 0;
				GCC_PREPROCESSOR_DEFINITIONS = (
					"DEBUG=1",
					"$(inherited)",
				);
				GCC_SYMBOLS_PRIVATE_EXTERN = NO;
				GCC_WARN_ABOUT_RETURN_TYPE = YES;
				GCC_WARN_UNINITIALIZED_AUTOS = YES;
				GCC_WARN_UNUSED_VARIABLE = YES;
				IPHONEOS_DEPLOYMENT_TARGET = 4.3;
				ONLY_ACTIVE_ARCH = YES;
				SDKROOT = iphoneos;
			};
			name = Debug;
		};
		D1EB411A1760415900152C10 /* Release */ = {
			isa = XCBuildConfiguration;
			buildSettings = {
				ALWAYS_SEARCH_USER_PATHS = NO;
				CLANG_CXX_LANGUAGE_STANDARD = "gnu++0x";
				CLANG_CXX_LIBRARY = "libc++";
				CLANG_WARN_CONSTANT_CONVERSION = YES;
				CLANG_WARN_EMPTY_BODY = YES;
				CLANG_WARN_ENUM_CONVERSION = YES;
				CLANG_WARN_INT_CONVERSION = YES;
				CLANG_WARN__DUPLICATE_METHOD_MATCH = YES;
				COPY_PHASE_STRIP = YES;
				GCC_C_LANGUAGE_STANDARD = gnu99;
				GCC_WARN_ABOUT_RETURN_TYPE = YES;
				GCC_WARN_UNINITIALIZED_AUTOS = YES;
				GCC_WARN_UNUSED_VARIABLE = YES;
				IPHONEOS_DEPLOYMENT_TARGET = 4.3;
				SDKROOT = iphoneos;
				VALIDATE_PRODUCT = YES;
			};
			name = Release;
		};
		D1EB411C1760415900152C10 /* Debug */ = {
			isa = XCBuildConfiguration;
			buildSettings = {
				ARCHS = (
					"$(ARCHS_STANDARD_32_BIT)",
					"$(ARCHS_STANDARD_64_BIT)",
					armv7s,
					armv7,
				);
				CLANG_WARN_IMPLICIT_SIGN_CONVERSION = YES;
				CLANG_WARN_SUSPICIOUS_IMPLICIT_CONVERSION = YES;
				DSTROOT = /tmp/Linq2ObjC.dst;
				GCC_PRECOMPILE_PREFIX_HEADER = YES;
				GCC_PREFIX_HEADER = "Linq2ObjC/objclinq-Prefix.pch";
				GCC_TREAT_IMPLICIT_FUNCTION_DECLARATIONS_AS_ERRORS = YES;
				GCC_TREAT_INCOMPATIBLE_POINTER_TYPE_WARNINGS_AS_ERRORS = YES;
				GCC_TREAT_WARNINGS_AS_ERRORS = YES;
				GCC_WARN_ABOUT_MISSING_FIELD_INITIALIZERS = YES;
				GCC_WARN_ABOUT_MISSING_NEWLINE = YES;
				GCC_WARN_ABOUT_MISSING_PROTOTYPES = YES;
				GCC_WARN_INHIBIT_ALL_WARNINGS = YES;
				GCC_WARN_INITIALIZER_NOT_FULLY_BRACKETED = YES;
				GCC_WARN_SHADOW = YES;
				GCC_WARN_SIGN_COMPARE = YES;
				GCC_WARN_UNKNOWN_PRAGMAS = YES;
				GCC_WARN_UNUSED_FUNCTION = YES;
				GCC_WARN_UNUSED_LABEL = YES;
				GCC_WARN_UNUSED_PARAMETER = YES;
				OTHER_LDFLAGS = "-ObjC";
				PRODUCT_NAME = objclinq;
				SDKROOT = iphoneos;
				SKIP_INSTALL = YES;
				SUPPORTED_PLATFORMS = "iphonesimulator iphoneos macosx";
				VALID_ARCHS = "armv7 armv7s x86_64 i386";
			};
			name = Debug;
		};
		D1EB411D1760415900152C10 /* Release */ = {
			isa = XCBuildConfiguration;
			buildSettings = {
				ARCHS = (
					"$(ARCHS_STANDARD_32_BIT)",
					"$(ARCHS_STANDARD_64_BIT)",
					armv7s,
					armv7,
				);
				CLANG_WARN_IMPLICIT_SIGN_CONVERSION = YES;
				CLANG_WARN_SUSPICIOUS_IMPLICIT_CONVERSION = YES;
				DSTROOT = /tmp/Linq2ObjC.dst;
				GCC_PRECOMPILE_PREFIX_HEADER = YES;
				GCC_PREFIX_HEADER = "Linq2ObjC/objclinq-Prefix.pch";
				GCC_TREAT_IMPLICIT_FUNCTION_DECLARATIONS_AS_ERRORS = YES;
				GCC_TREAT_INCOMPATIBLE_POINTER_TYPE_WARNINGS_AS_ERRORS = YES;
				GCC_TREAT_WARNINGS_AS_ERRORS = YES;
				GCC_WARN_ABOUT_MISSING_FIELD_INITIALIZERS = YES;
				GCC_WARN_ABOUT_MISSING_NEWLINE = YES;
				GCC_WARN_ABOUT_MISSING_PROTOTYPES = YES;
				GCC_WARN_INHIBIT_ALL_WARNINGS = YES;
				GCC_WARN_INITIALIZER_NOT_FULLY_BRACKETED = YES;
				GCC_WARN_SHADOW = YES;
				GCC_WARN_SIGN_COMPARE = YES;
				GCC_WARN_UNKNOWN_PRAGMAS = YES;
				GCC_WARN_UNUSED_FUNCTION = YES;
				GCC_WARN_UNUSED_LABEL = YES;
				GCC_WARN_UNUSED_PARAMETER = YES;
				OTHER_LDFLAGS = "-ObjC";
				PRODUCT_NAME = objclinq;
				SDKROOT = iphoneos;
				SKIP_INSTALL = YES;
				SUPPORTED_PLATFORMS = "iphonesimulator iphoneos macosx";
				VALID_ARCHS = "armv7 armv7s x86_64 i386";
			};
			name = Release;
		};
		D1EB41381760438100152C10 /* Debug */ = {
			isa = XCBuildConfiguration;
			buildSettings = {
				FRAMEWORK_SEARCH_PATHS = (
					"\"$(SDKROOT)/Developer/Library/Frameworks\"",
					"\"$(DEVELOPER_LIBRARY_DIR)/Frameworks\"",
				);
				GCC_PRECOMPILE_PREFIX_HEADER = YES;
				GCC_PREFIX_HEADER = "iOS_Linq2ObjCTests/iOS_objclinqTests-Prefix.pch";
				INFOPLIST_FILE = "iOS_Linq2ObjCTests/iOS_objclinqTests-Info.plist";
				OTHER_LDFLAGS = "-ObjC";
				PRODUCT_NAME = iOS_objclinqTests;
				WRAPPER_EXTENSION = octest;
			};
			name = Debug;
		};
		D1EB41391760438100152C10 /* Release */ = {
			isa = XCBuildConfiguration;
			buildSettings = {
				FRAMEWORK_SEARCH_PATHS = (
					"\"$(SDKROOT)/Developer/Library/Frameworks\"",
					"\"$(DEVELOPER_LIBRARY_DIR)/Frameworks\"",
				);
				GCC_PRECOMPILE_PREFIX_HEADER = YES;
				GCC_PREFIX_HEADER = "iOS_Linq2ObjCTests/iOS_objclinqTests-Prefix.pch";
				INFOPLIST_FILE = "iOS_Linq2ObjCTests/iOS_objclinqTests-Info.plist";
				OTHER_LDFLAGS = "-ObjC";
				PRODUCT_NAME = iOS_objclinqTests;
				WRAPPER_EXTENSION = octest;
			};
			name = Release;
		};
/* End XCBuildConfiguration section */

/* Begin XCConfigurationList section */
		D14AC2051766C4C100CB955C /* Build configuration list for PBXNativeTarget "Mac_Linq2ObjcTests" */ = {
			isa = XCConfigurationList;
			buildConfigurations = (
				D14AC2061766C4C100CB955C /* Debug */,
				D14AC2071766C4C100CB955C /* Release */,
			);
			defaultConfigurationIsVisible = 0;
			defaultConfigurationName = Release;
		};
		D162CC7917695C2300FD75B5 /* Build configuration list for PBXAggregateTarget "Documentation" */ = {
			isa = XCConfigurationList;
			buildConfigurations = (
				D162CC7A17695C2300FD75B5 /* Debug */,
				D162CC7B17695C2300FD75B5 /* Release */,
			);
			defaultConfigurationIsVisible = 0;
		};
		D1EB41081760415900152C10 /* Build configuration list for PBXProject "objclinq" */ = {
			isa = XCConfigurationList;
			buildConfigurations = (
				D1EB41191760415900152C10 /* Debug */,
				D1EB411A1760415900152C10 /* Release */,
			);
			defaultConfigurationIsVisible = 0;
			defaultConfigurationName = Release;
		};
		D1EB411B1760415900152C10 /* Build configuration list for PBXNativeTarget "objclinq" */ = {
			isa = XCConfigurationList;
			buildConfigurations = (
				D1EB411C1760415900152C10 /* Debug */,
				D1EB411D1760415900152C10 /* Release */,
			);
			defaultConfigurationIsVisible = 0;
			defaultConfigurationName = Release;
		};
		D1EB41371760438100152C10 /* Build configuration list for PBXNativeTarget "iOS_objclinqTests" */ = {
			isa = XCConfigurationList;
			buildConfigurations = (
				D1EB41381760438100152C10 /* Debug */,
				D1EB41391760438100152C10 /* Release */,
			);
			defaultConfigurationIsVisible = 0;
			defaultConfigurationName = Release;
		};
/* End XCConfigurationList section */
	};
	rootObject = D1EB41051760415900152C10 /* Project object */;
}
